{
  "version": 4,
  "terraform_version": "0.14.9",
  "serial": 16,
  "lineage": "bb658c04-a8b9-19d0-9904-83f4e2e6effb",
  "outputs": {
    "hash": {
      "value": "0599fea0fce93a961946bdbbfbdfb312",
      "type": "string"
    },
    "repository_url": {
      "value": "633352297035.dkr.ecr.us-east-1.amazonaws.com/lambda",
      "type": "string"
    },
    "tag": {
      "value": "latest",
      "type": "string"
    }
  },
  "resources": [
    {
      "mode": "data",
      "type": "external",
      "name": "hash",
      "provider": "provider[\"registry.terraform.io/hashicorp/external\"]",
      "instances": [
        {
          "schema_version": 0,
          "attributes": {
            "id": "-",
            "program": [
              "./hash.sh",
              "."
            ],
            "query": null,
            "result": {
              "hash": "0599fea0fce93a961946bdbbfbdfb312"
            },
            "working_dir": null
          },
          "sensitive_attributes": []
        }
      ]
    },
    {
      "mode": "managed",
      "type": "aws_ecr_lifecycle_policy",
      "name": "repo-policy",
      "provider": "provider[\"registry.terraform.io/hashicorp/aws\"]",
      "instances": [
        {
          "schema_version": 0,
          "attributes": {
            "id": "lambda",
            "policy": "{\"rules\":[{\"rulePriority\":1,\"description\":\"Keep image deployed with tag 'latest''\",\"selection\":{\"tagStatus\":\"tagged\",\"tagPrefixList\":[\"latest\"],\"countType\":\"imageCountMoreThan\",\"countNumber\":1},\"action\":{\"type\":\"expire\"}},{\"rulePriority\":2,\"description\":\"Keep last 2 any images\",\"selection\":{\"tagStatus\":\"any\",\"countType\":\"imageCountMoreThan\",\"countNumber\":2},\"action\":{\"type\":\"expire\"}}]}",
            "registry_id": "633352297035",
            "repository": "lambda"
          },
          "sensitive_attributes": [],
          "private": "bnVsbA==",
          "dependencies": [
            "aws_ecr_repository.repo"
          ]
        }
      ]
    },
    {
      "mode": "managed",
      "type": "aws_ecr_repository",
      "name": "repo",
      "provider": "provider[\"registry.terraform.io/hashicorp/aws\"]",
      "instances": [
        {
          "schema_version": 0,
          "attributes": {
            "arn": "arn:aws:ecr:us-east-1:633352297035:repository/lambda",
            "encryption_configuration": [
              {
                "encryption_type": "AES256",
                "kms_key": ""
              }
            ],
            "id": "lambda",
            "image_scanning_configuration": [
              {
                "scan_on_push": false
              }
            ],
            "image_tag_mutability": "MUTABLE",
            "name": "lambda",
            "registry_id": "633352297035",
            "repository_url": "633352297035.dkr.ecr.us-east-1.amazonaws.com/lambda",
            "tags": null,
            "timeouts": null
          },
          "sensitive_attributes": [],
          "private": "eyJlMmJmYjczMC1lY2FhLTExZTYtOGY4OC0zNDM2M2JjN2M0YzAiOnsiZGVsZXRlIjoxMjAwMDAwMDAwMDAwfX0="
        }
      ]
    },
    {
      "mode": "managed",
      "type": "null_resource",
      "name": "push",
      "provider": "provider[\"registry.terraform.io/hashicorp/null\"]",
      "instances": [
        {
          "schema_version": 0,
          "attributes": {
            "id": "1302024158848413937",
            "triggers": {
              "hash": "0599fea0fce93a961946bdbbfbdfb312"
            }
          },
          "sensitive_attributes": [],
          "private": "bnVsbA==",
          "dependencies": [
            "aws_ecr_repository.repo",
            "data.external.hash"
          ]
        }
      ]
    }
  ]
}
